{
  "lockfile-version": 1,
  "manifest": {
    "version": 1,
    "install": {
      "just": {
        "pkg-path": "just"
      },
      "nodejs_24": {
        "pkg-path": "nodejs_24"
      },
      "openssl": {
        "pkg-path": "openssl"
      },
      "playwright": {
        "pkg-path": "playwright"
      },
      "playwright-driver": {
        "pkg-path": "playwright-driver"
      },
      "playwright-mcp": {
        "pkg-path": "playwright-mcp"
      }
    },
    "hook": {
      "on-activate": "  # Autogenerated by Flox\n\n  # Install nodejs dependencies\n#  npm install\n\n  # End autogenerated by Flox\n"
    },
    "profile": {},
    "options": {
      "systems": [
        "aarch64-darwin",
        "aarch64-linux",
        "x86_64-darwin",
        "x86_64-linux"
      ]
    }
  },
  "packages": [
    {
      "attr_path": "just",
      "broken": false,
      "derivation": "/nix/store/ayn6in4vyjkki29f9cwv5ai9mg070vyh-just-1.43.1.drv",
      "description": "Handy way to save and run project-specific commands",
      "install_id": "just",
      "license": "CC0-1.0",
      "locked_url": "https://github.com/flox/nixpkgs?rev=5ae3b07d8d6527c42f17c876e404993199144b6a",
      "name": "just-1.43.1",
      "pname": "just",
      "rev": "5ae3b07d8d6527c42f17c876e404993199144b6a",
      "rev_count": 901419,
      "rev_date": "2025-11-24T06:39:56Z",
      "scrape_date": "2025-11-26T02:53:38.723256Z",
      "stabilities": [
        "unstable"
      ],
      "unfree": false,
      "version": "1.43.1",
      "outputs_to_install": [
        "man",
        "out"
      ],
      "outputs": {
        "doc": "/nix/store/g2z02i3a2z17h9cmx04sp7zpzzgzkqh8-just-1.43.1-doc",
        "man": "/nix/store/y8ggbr7rq06mpqsdckpdsxzhjkspw63g-just-1.43.1-man",
        "out": "/nix/store/g6cidwix7lzzb0i5lpisvb7gx051qsc1-just-1.43.1"
      },
      "system": "aarch64-darwin",
      "group": "toplevel",
      "priority": 5
    },
    {
      "attr_path": "just",
      "broken": false,
      "derivation": "/nix/store/5z45a9rxb4mwfqhkp0h540pwb8llfhgl-just-1.43.1.drv",
      "description": "Handy way to save and run project-specific commands",
      "install_id": "just",
      "license": "CC0-1.0",
      "locked_url": "https://github.com/flox/nixpkgs?rev=5ae3b07d8d6527c42f17c876e404993199144b6a",
      "name": "just-1.43.1",
      "pname": "just",
      "rev": "5ae3b07d8d6527c42f17c876e404993199144b6a",
      "rev_count": 901419,
      "rev_date": "2025-11-24T06:39:56Z",
      "scrape_date": "2025-11-26T03:02:59.792251Z",
      "stabilities": [
        "unstable"
      ],
      "unfree": false,
      "version": "1.43.1",
      "outputs_to_install": [
        "man",
        "out"
      ],
      "outputs": {
        "doc": "/nix/store/99qn6axss3rk7c681rkhj9zza0ax2i74-just-1.43.1-doc",
        "man": "/nix/store/59aflmjxv0qbkaqzmjni4yydg873dl5v-just-1.43.1-man",
        "out": "/nix/store/ni4jn8rsn0h49lng7hdq6584zc4gpy9l-just-1.43.1"
      },
      "system": "aarch64-linux",
      "group": "toplevel",
      "priority": 5
    },
    {
      "attr_path": "just",
      "broken": false,
      "derivation": "/nix/store/xll0719v4nmmlid72jm90c1f5g49fs0q-just-1.43.1.drv",
      "description": "Handy way to save and run project-specific commands",
      "install_id": "just",
      "license": "CC0-1.0",
      "locked_url": "https://github.com/flox/nixpkgs?rev=5ae3b07d8d6527c42f17c876e404993199144b6a",
      "name": "just-1.43.1",
      "pname": "just",
      "rev": "5ae3b07d8d6527c42f17c876e404993199144b6a",
      "rev_count": 901419,
      "rev_date": "2025-11-24T06:39:56Z",
      "scrape_date": "2025-11-26T03:12:39.182444Z",
      "stabilities": [
        "unstable"
      ],
      "unfree": false,
      "version": "1.43.1",
      "outputs_to_install": [
        "man",
        "out"
      ],
      "outputs": {
        "doc": "/nix/store/kqx5lgjwpaipi7whnydwkl72alwvn5jz-just-1.43.1-doc",
        "man": "/nix/store/j67aa2bj6ssz61x4bh0ga0z1qzzv3prp-just-1.43.1-man",
        "out": "/nix/store/aa9459rdk1lzj2yd27csaasn9hb98ckr-just-1.43.1"
      },
      "system": "x86_64-darwin",
      "group": "toplevel",
      "priority": 5
    },
    {
      "attr_path": "just",
      "broken": false,
      "derivation": "/nix/store/p7inafv7hj3jvm3xc7xfaiag4x75ncmy-just-1.43.1.drv",
      "description": "Handy way to save and run project-specific commands",
      "install_id": "just",
      "license": "CC0-1.0",
      "locked_url": "https://github.com/flox/nixpkgs?rev=5ae3b07d8d6527c42f17c876e404993199144b6a",
      "name": "just-1.43.1",
      "pname": "just",
      "rev": "5ae3b07d8d6527c42f17c876e404993199144b6a",
      "rev_count": 901419,
      "rev_date": "2025-11-24T06:39:56Z",
      "scrape_date": "2025-11-26T03:22:07.172968Z",
      "stabilities": [
        "unstable"
      ],
      "unfree": false,
      "version": "1.43.1",
      "outputs_to_install": [
        "man",
        "out"
      ],
      "outputs": {
        "doc": "/nix/store/idyx9h5gmcnzzqbjb50nwf30i4g1050v-just-1.43.1-doc",
        "man": "/nix/store/ib17hahpg1vpgh1ll0r7nb6rkmilpiil-just-1.43.1-man",
        "out": "/nix/store/kkmg0vkp9y4jp9yqgzrml0fgac9lfcyq-just-1.43.1"
      },
      "system": "x86_64-linux",
      "group": "toplevel",
      "priority": 5
    },
    {
      "attr_path": "nodejs_24",
      "broken": false,
      "derivation": "/nix/store/5sirxy1bfn5d9ahxkwg7symgf4p4d6zf-nodejs-24.11.1.drv",
      "description": "Event-driven I/O framework for the V8 JavaScript engine",
      "install_id": "nodejs_24",
      "license": "MIT",
      "locked_url": "https://github.com/flox/nixpkgs?rev=5ae3b07d8d6527c42f17c876e404993199144b6a",
      "name": "nodejs-24.11.1",
      "pname": "nodejs_24",
      "rev": "5ae3b07d8d6527c42f17c876e404993199144b6a",
      "rev_count": 901419,
      "rev_date": "2025-11-24T06:39:56Z",
      "scrape_date": "2025-11-26T02:53:46.127503Z",
      "stabilities": [
        "unstable"
      ],
      "unfree": false,
      "version": "24.11.1",
      "outputs_to_install": [
        "out"
      ],
      "outputs": {
        "dev": "/nix/store/akmrc34ry4wil7wq8ghxbh2dpvikschh-nodejs-24.11.1-dev",
        "libv8": "/nix/store/h4ad12n85c04b2c5c1a4r8r5qr4i1afn-nodejs-24.11.1-libv8",
        "out": "/nix/store/h57ln4r40qr349z1r8ri90n9i9xid3r5-nodejs-24.11.1"
      },
      "system": "aarch64-darwin",
      "group": "toplevel",
      "priority": 5
    },
    {
      "attr_path": "nodejs_24",
      "broken": false,
      "derivation": "/nix/store/bp7fr5l9fym2y0an7gw96f8i3zf169ww-nodejs-24.11.1.drv",
      "description": "Event-driven I/O framework for the V8 JavaScript engine",
      "install_id": "nodejs_24",
      "license": "MIT",
      "locked_url": "https://github.com/flox/nixpkgs?rev=5ae3b07d8d6527c42f17c876e404993199144b6a",
      "name": "nodejs-24.11.1",
      "pname": "nodejs_24",
      "rev": "5ae3b07d8d6527c42f17c876e404993199144b6a",
      "rev_count": 901419,
      "rev_date": "2025-11-24T06:39:56Z",
      "scrape_date": "2025-11-26T03:03:16.970898Z",
      "stabilities": [
        "unstable"
      ],
      "unfree": false,
      "version": "24.11.1",
      "outputs_to_install": [
        "out"
      ],
      "outputs": {
        "dev": "/nix/store/82gbs5sgm1gpggsalpdlnxjkvr7bnkcc-nodejs-24.11.1-dev",
        "libv8": "/nix/store/7ihzshxrnl1xh935ff8va57aw1avwk5j-nodejs-24.11.1-libv8",
        "out": "/nix/store/r46dnkahacvrnavv5945aizq8b61kbwc-nodejs-24.11.1"
      },
      "system": "aarch64-linux",
      "group": "toplevel",
      "priority": 5
    },
    {
      "attr_path": "nodejs_24",
      "broken": false,
      "derivation": "/nix/store/bp28i6v7qri42a8m0ji9axf7nww095p2-nodejs-24.11.1.drv",
      "description": "Event-driven I/O framework for the V8 JavaScript engine",
      "install_id": "nodejs_24",
      "license": "MIT",
      "locked_url": "https://github.com/flox/nixpkgs?rev=5ae3b07d8d6527c42f17c876e404993199144b6a",
      "name": "nodejs-24.11.1",
      "pname": "nodejs_24",
      "rev": "5ae3b07d8d6527c42f17c876e404993199144b6a",
      "rev_count": 901419,
      "rev_date": "2025-11-24T06:39:56Z",
      "scrape_date": "2025-11-26T03:12:46.636395Z",
      "stabilities": [
        "unstable"
      ],
      "unfree": false,
      "version": "24.11.1",
      "outputs_to_install": [
        "out"
      ],
      "outputs": {
        "dev": "/nix/store/xj8y0v2v5ssdxbpz1bz9yivn109g3i4x-nodejs-24.11.1-dev",
        "libv8": "/nix/store/136306lidz9kx8dlka3l2sf1q9i6ilc3-nodejs-24.11.1-libv8",
        "out": "/nix/store/68d27bbipwcv99inwbs6fb7vxbgd4q6j-nodejs-24.11.1"
      },
      "system": "x86_64-darwin",
      "group": "toplevel",
      "priority": 5
    },
    {
      "attr_path": "nodejs_24",
      "broken": false,
      "derivation": "/nix/store/f56b85mmlnzld6qh30x1m4mybv81jj2v-nodejs-24.11.1.drv",
      "description": "Event-driven I/O framework for the V8 JavaScript engine",
      "install_id": "nodejs_24",
      "license": "MIT",
      "locked_url": "https://github.com/flox/nixpkgs?rev=5ae3b07d8d6527c42f17c876e404993199144b6a",
      "name": "nodejs-24.11.1",
      "pname": "nodejs_24",
      "rev": "5ae3b07d8d6527c42f17c876e404993199144b6a",
      "rev_count": 901419,
      "rev_date": "2025-11-24T06:39:56Z",
      "scrape_date": "2025-11-26T03:22:24.289984Z",
      "stabilities": [
        "unstable"
      ],
      "unfree": false,
      "version": "24.11.1",
      "outputs_to_install": [
        "out"
      ],
      "outputs": {
        "dev": "/nix/store/qayyvn6vq1yx49lr30kkrpdl1jy99752-nodejs-24.11.1-dev",
        "libv8": "/nix/store/i9s2w9xib1fbqrc2qmmyz17frhpvkmsk-nodejs-24.11.1-libv8",
        "out": "/nix/store/lgggxsrdzisnbligi7irlh4qmqczs0xk-nodejs-24.11.1"
      },
      "system": "x86_64-linux",
      "group": "toplevel",
      "priority": 5
    },
    {
      "attr_path": "openssl",
      "broken": false,
      "derivation": "/nix/store/6saaicdgbhh5gdflqb7hca89fsblpaxb-openssl-3.6.0.drv",
      "description": "Cryptographic library that implements the SSL and TLS protocols",
      "install_id": "openssl",
      "license": "Apache-2.0",
      "locked_url": "https://github.com/flox/nixpkgs?rev=5ae3b07d8d6527c42f17c876e404993199144b6a",
      "name": "openssl-3.6.0",
      "pname": "openssl",
      "rev": "5ae3b07d8d6527c42f17c876e404993199144b6a",
      "rev_count": 901419,
      "rev_date": "2025-11-24T06:39:56Z",
      "scrape_date": "2025-11-26T02:53:48.953810Z",
      "stabilities": [
        "unstable"
      ],
      "unfree": false,
      "version": "3.6.0",
      "outputs_to_install": [
        "bin",
        "man"
      ],
      "outputs": {
        "bin": "/nix/store/z9prisxci5h5lsk3rdknd4jzq7k9q13d-openssl-3.6.0-bin",
        "dev": "/nix/store/h0qgqik0mk0wn7rmm2kk3grfi1wzly74-openssl-3.6.0-dev",
        "doc": "/nix/store/yx3ip21fdaaxpjn5fbir02mqnaw9cm4f-openssl-3.6.0-doc",
        "man": "/nix/store/ii9mnzr3i92mgk9dkgg65739mavd0j6f-openssl-3.6.0-man",
        "out": "/nix/store/3z54dgks2mz3dhwddj158sdibll8xmq5-openssl-3.6.0"
      },
      "system": "aarch64-darwin",
      "group": "toplevel",
      "priority": 5
    },
    {
      "attr_path": "openssl",
      "broken": false,
      "derivation": "/nix/store/ssjcnad501j854bf6rxnj6fq7n4pz12q-openssl-3.6.0.drv",
      "description": "Cryptographic library that implements the SSL and TLS protocols",
      "install_id": "openssl",
      "license": "Apache-2.0",
      "locked_url": "https://github.com/flox/nixpkgs?rev=5ae3b07d8d6527c42f17c876e404993199144b6a",
      "name": "openssl-3.6.0",
      "pname": "openssl",
      "rev": "5ae3b07d8d6527c42f17c876e404993199144b6a",
      "rev_count": 901419,
      "rev_date": "2025-11-24T06:39:56Z",
      "scrape_date": "2025-11-26T03:03:21.536115Z",
      "stabilities": [
        "unstable"
      ],
      "unfree": false,
      "version": "3.6.0",
      "outputs_to_install": [
        "bin",
        "man"
      ],
      "outputs": {
        "bin": "/nix/store/wb6q44n9kcb5acmaa4rgqsajadx1fhhl-openssl-3.6.0-bin",
        "debug": "/nix/store/ci6d4k1sj4bnr892lsrqqmjiihqsk0bl-openssl-3.6.0-debug",
        "dev": "/nix/store/pq8b7fb3282g68pmk14mbyi20qn6chid-openssl-3.6.0-dev",
        "doc": "/nix/store/vaplp6w56dyz38986bgkf0pbg3r486b2-openssl-3.6.0-doc",
        "man": "/nix/store/c9n1alb7ypzjvzd47m16fiwfczz23qs3-openssl-3.6.0-man",
        "out": "/nix/store/nj50gkyx813dxvfmsg1q8m330hmf3h86-openssl-3.6.0"
      },
      "system": "aarch64-linux",
      "group": "toplevel",
      "priority": 5
    },
    {
      "attr_path": "openssl",
      "broken": false,
      "derivation": "/nix/store/pdfnhdd09q2dndh02kyznby80qxrpg8j-openssl-3.6.0.drv",
      "description": "Cryptographic library that implements the SSL and TLS protocols",
      "install_id": "openssl",
      "license": "Apache-2.0",
      "locked_url": "https://github.com/flox/nixpkgs?rev=5ae3b07d8d6527c42f17c876e404993199144b6a",
      "name": "openssl-3.6.0",
      "pname": "openssl",
      "rev": "5ae3b07d8d6527c42f17c876e404993199144b6a",
      "rev_count": 901419,
      "rev_date": "2025-11-24T06:39:56Z",
      "scrape_date": "2025-11-26T03:12:49.424956Z",
      "stabilities": [
        "unstable"
      ],
      "unfree": false,
      "version": "3.6.0",
      "outputs_to_install": [
        "bin",
        "man"
      ],
      "outputs": {
        "bin": "/nix/store/m3xwn9n0jypwjgi256idfzs979g30j29-openssl-3.6.0-bin",
        "dev": "/nix/store/dirjrfjk8jgsbdpslgb51cav6qaxn2vm-openssl-3.6.0-dev",
        "doc": "/nix/store/va1zhkz0nfmycvd0h239hi4w40qgaxcx-openssl-3.6.0-doc",
        "man": "/nix/store/hw43f3y1vl7ydrd4samnwnrwqqwkpisv-openssl-3.6.0-man",
        "out": "/nix/store/q9a4wssx24xsy28w8kifdqizc01fh7sc-openssl-3.6.0"
      },
      "system": "x86_64-darwin",
      "group": "toplevel",
      "priority": 5
    },
    {
      "attr_path": "openssl",
      "broken": false,
      "derivation": "/nix/store/i9b04l11qz4j0yffk9w9830wljvv72ld-openssl-3.6.0.drv",
      "description": "Cryptographic library that implements the SSL and TLS protocols",
      "install_id": "openssl",
      "license": "Apache-2.0",
      "locked_url": "https://github.com/flox/nixpkgs?rev=5ae3b07d8d6527c42f17c876e404993199144b6a",
      "name": "openssl-3.6.0",
      "pname": "openssl",
      "rev": "5ae3b07d8d6527c42f17c876e404993199144b6a",
      "rev_count": 901419,
      "rev_date": "2025-11-24T06:39:56Z",
      "scrape_date": "2025-11-26T03:22:28.477762Z",
      "stabilities": [
        "unstable"
      ],
      "unfree": false,
      "version": "3.6.0",
      "outputs_to_install": [
        "bin",
        "man"
      ],
      "outputs": {
        "bin": "/nix/store/k0gl1zc7f5hk87lylxwbipb0b870bcmk-openssl-3.6.0-bin",
        "debug": "/nix/store/sqv8kbdgfxlr2d6nysr8c2715qpsi6f5-openssl-3.6.0-debug",
        "dev": "/nix/store/ydrckgnllgg8nmhdwni81h7xhcpnrlhd-openssl-3.6.0-dev",
        "doc": "/nix/store/cgp9ig35iwicfb9spcrgyg2m5dmlcgrv-openssl-3.6.0-doc",
        "man": "/nix/store/a9jdl6xq9fc98ykpvqmc9kf0b0j9y8wh-openssl-3.6.0-man",
        "out": "/nix/store/61i74yjkj9p1qphfl7018ja4sdwkipx0-openssl-3.6.0"
      },
      "system": "x86_64-linux",
      "group": "toplevel",
      "priority": 5
    },
    {
      "attr_path": "playwright",
      "broken": false,
      "derivation": "/nix/store/gcizka3z2bl49p95lr4dkmxaniz5gg2n-playwright-core-1.54.1.drv",
      "description": "Framework for Web Testing and Automation",
      "install_id": "playwright",
      "license": "Apache-2.0",
      "locked_url": "https://github.com/flox/nixpkgs?rev=5ae3b07d8d6527c42f17c876e404993199144b6a",
      "name": "playwright-core-1.54.1",
      "pname": "playwright",
      "rev": "5ae3b07d8d6527c42f17c876e404993199144b6a",
      "rev_count": 901419,
      "rev_date": "2025-11-24T06:39:56Z",
      "scrape_date": "2025-11-26T02:54:00.668508Z",
      "stabilities": [
        "unstable"
      ],
      "unfree": false,
      "version": "1.54.1",
      "outputs_to_install": [
        "out"
      ],
      "outputs": {
        "out": "/nix/store/az6p64h0rya6msrc8yadh4nl1c8n3b48-playwright-core-1.54.1"
      },
      "system": "aarch64-darwin",
      "group": "toplevel",
      "priority": 5
    },
    {
      "attr_path": "playwright",
      "broken": false,
      "derivation": "/nix/store/2as448zclcb2h682mkcgh4jg650lxhxx-playwright-core-1.54.1.drv",
      "description": "Framework for Web Testing and Automation",
      "install_id": "playwright",
      "license": "Apache-2.0",
      "locked_url": "https://github.com/flox/nixpkgs?rev=5ae3b07d8d6527c42f17c876e404993199144b6a",
      "name": "playwright-core-1.54.1",
      "pname": "playwright",
      "rev": "5ae3b07d8d6527c42f17c876e404993199144b6a",
      "rev_count": 901419,
      "rev_date": "2025-11-24T06:39:56Z",
      "scrape_date": "2025-11-26T03:03:38.668656Z",
      "stabilities": [
        "unstable"
      ],
      "unfree": false,
      "version": "1.54.1",
      "outputs_to_install": [
        "out"
      ],
      "outputs": {
        "out": "/nix/store/8m2h2jgrrcc342zxid66paamwbhw94wd-playwright-core-1.54.1"
      },
      "system": "aarch64-linux",
      "group": "toplevel",
      "priority": 5
    },
    {
      "attr_path": "playwright",
      "broken": false,
      "derivation": "/nix/store/j54s88vcgw22grpl6yld1nlqnwjnji0n-playwright-core-1.54.1.drv",
      "description": "Framework for Web Testing and Automation",
      "install_id": "playwright",
      "license": "Apache-2.0",
      "locked_url": "https://github.com/flox/nixpkgs?rev=5ae3b07d8d6527c42f17c876e404993199144b6a",
      "name": "playwright-core-1.54.1",
      "pname": "playwright",
      "rev": "5ae3b07d8d6527c42f17c876e404993199144b6a",
      "rev_count": 901419,
      "rev_date": "2025-11-24T06:39:56Z",
      "scrape_date": "2025-11-26T03:13:01.273546Z",
      "stabilities": [
        "unstable"
      ],
      "unfree": false,
      "version": "1.54.1",
      "outputs_to_install": [
        "out"
      ],
      "outputs": {
        "out": "/nix/store/gsd44kylg5ff94axiaqsb5dkcaz22srb-playwright-core-1.54.1"
      },
      "system": "x86_64-darwin",
      "group": "toplevel",
      "priority": 5
    },
    {
      "attr_path": "playwright",
      "broken": false,
      "derivation": "/nix/store/gpbcfc2psqamzwnf8khi701vciwi43ny-playwright-core-1.54.1.drv",
      "description": "Framework for Web Testing and Automation",
      "install_id": "playwright",
      "license": "Apache-2.0",
      "locked_url": "https://github.com/flox/nixpkgs?rev=5ae3b07d8d6527c42f17c876e404993199144b6a",
      "name": "playwright-core-1.54.1",
      "pname": "playwright",
      "rev": "5ae3b07d8d6527c42f17c876e404993199144b6a",
      "rev_count": 901419,
      "rev_date": "2025-11-24T06:39:56Z",
      "scrape_date": "2025-11-26T03:22:44.049714Z",
      "stabilities": [
        "unstable"
      ],
      "unfree": false,
      "version": "1.54.1",
      "outputs_to_install": [
        "out"
      ],
      "outputs": {
        "out": "/nix/store/9p4gil2ka4riqdvw9ckdl5hzj8zmfz2v-playwright-core-1.54.1"
      },
      "system": "x86_64-linux",
      "group": "toplevel",
      "priority": 5
    },
    {
      "attr_path": "playwright-driver",
      "broken": false,
      "derivation": "/nix/store/gcizka3z2bl49p95lr4dkmxaniz5gg2n-playwright-core-1.54.1.drv",
      "description": "Framework for Web Testing and Automation",
      "install_id": "playwright-driver",
      "license": "Apache-2.0",
      "locked_url": "https://github.com/flox/nixpkgs?rev=5ae3b07d8d6527c42f17c876e404993199144b6a",
      "name": "playwright-core-1.54.1",
      "pname": "playwright-driver",
      "rev": "5ae3b07d8d6527c42f17c876e404993199144b6a",
      "rev_count": 901419,
      "rev_date": "2025-11-24T06:39:56Z",
      "scrape_date": "2025-11-26T02:54:00.670862Z",
      "stabilities": [
        "unstable"
      ],
      "unfree": false,
      "version": "1.54.1",
      "outputs_to_install": [
        "out"
      ],
      "outputs": {
        "out": "/nix/store/az6p64h0rya6msrc8yadh4nl1c8n3b48-playwright-core-1.54.1"
      },
      "system": "aarch64-darwin",
      "group": "toplevel",
      "priority": 5
    },
    {
      "attr_path": "playwright-driver",
      "broken": false,
      "derivation": "/nix/store/2as448zclcb2h682mkcgh4jg650lxhxx-playwright-core-1.54.1.drv",
      "description": "Framework for Web Testing and Automation",
      "install_id": "playwright-driver",
      "license": "Apache-2.0",
      "locked_url": "https://github.com/flox/nixpkgs?rev=5ae3b07d8d6527c42f17c876e404993199144b6a",
      "name": "playwright-core-1.54.1",
      "pname": "playwright-driver",
      "rev": "5ae3b07d8d6527c42f17c876e404993199144b6a",
      "rev_count": 901419,
      "rev_date": "2025-11-24T06:39:56Z",
      "scrape_date": "2025-11-26T03:03:38.670961Z",
      "stabilities": [
        "unstable"
      ],
      "unfree": false,
      "version": "1.54.1",
      "outputs_to_install": [
        "out"
      ],
      "outputs": {
        "out": "/nix/store/8m2h2jgrrcc342zxid66paamwbhw94wd-playwright-core-1.54.1"
      },
      "system": "aarch64-linux",
      "group": "toplevel",
      "priority": 5
    },
    {
      "attr_path": "playwright-driver",
      "broken": false,
      "derivation": "/nix/store/j54s88vcgw22grpl6yld1nlqnwjnji0n-playwright-core-1.54.1.drv",
      "description": "Framework for Web Testing and Automation",
      "install_id": "playwright-driver",
      "license": "Apache-2.0",
      "locked_url": "https://github.com/flox/nixpkgs?rev=5ae3b07d8d6527c42f17c876e404993199144b6a",
      "name": "playwright-core-1.54.1",
      "pname": "playwright-driver",
      "rev": "5ae3b07d8d6527c42f17c876e404993199144b6a",
      "rev_count": 901419,
      "rev_date": "2025-11-24T06:39:56Z",
      "scrape_date": "2025-11-26T03:13:01.275497Z",
      "stabilities": [
        "unstable"
      ],
      "unfree": false,
      "version": "1.54.1",
      "outputs_to_install": [
        "out"
      ],
      "outputs": {
        "out": "/nix/store/gsd44kylg5ff94axiaqsb5dkcaz22srb-playwright-core-1.54.1"
      },
      "system": "x86_64-darwin",
      "group": "toplevel",
      "priority": 5
    },
    {
      "attr_path": "playwright-driver",
      "broken": false,
      "derivation": "/nix/store/gpbcfc2psqamzwnf8khi701vciwi43ny-playwright-core-1.54.1.drv",
      "description": "Framework for Web Testing and Automation",
      "install_id": "playwright-driver",
      "license": "Apache-2.0",
      "locked_url": "https://github.com/flox/nixpkgs?rev=5ae3b07d8d6527c42f17c876e404993199144b6a",
      "name": "playwright-core-1.54.1",
      "pname": "playwright-driver",
      "rev": "5ae3b07d8d6527c42f17c876e404993199144b6a",
      "rev_count": 901419,
      "rev_date": "2025-11-24T06:39:56Z",
      "scrape_date": "2025-11-26T03:22:44.051852Z",
      "stabilities": [
        "unstable"
      ],
      "unfree": false,
      "version": "1.54.1",
      "outputs_to_install": [
        "out"
      ],
      "outputs": {
        "out": "/nix/store/9p4gil2ka4riqdvw9ckdl5hzj8zmfz2v-playwright-core-1.54.1"
      },
      "system": "x86_64-linux",
      "group": "toplevel",
      "priority": 5
    },
    {
      "attr_path": "playwright-mcp",
      "broken": false,
      "derivation": "/nix/store/4l9kmcw4wqshf0iid00vp01h0m159kyv-playwright-mcp-0.0.34.drv",
      "description": "Playwright MCP server",
      "install_id": "playwright-mcp",
      "license": "Apache-2.0",
      "locked_url": "https://github.com/flox/nixpkgs?rev=5ae3b07d8d6527c42f17c876e404993199144b6a",
      "name": "playwright-mcp-0.0.34",
      "pname": "playwright-mcp",
      "rev": "5ae3b07d8d6527c42f17c876e404993199144b6a",
      "rev_count": 901419,
      "rev_date": "2025-11-24T06:39:56Z",
      "scrape_date": "2025-11-26T02:54:00.674616Z",
      "stabilities": [
        "unstable"
      ],
      "unfree": false,
      "version": "0.0.34",
      "outputs_to_install": [
        "out"
      ],
      "outputs": {
        "out": "/nix/store/aksl6xwwmiw8gg0mq6pkx8zbbfp4vghm-playwright-mcp-0.0.34"
      },
      "system": "aarch64-darwin",
      "group": "toplevel",
      "priority": 5
    },
    {
      "attr_path": "playwright-mcp",
      "broken": false,
      "derivation": "/nix/store/jfyhxsg40kyxl68dj7d1d3ngr92cv8pf-playwright-mcp-0.0.34.drv",
      "description": "Playwright MCP server",
      "install_id": "playwright-mcp",
      "license": "Apache-2.0",
      "locked_url": "https://github.com/flox/nixpkgs?rev=5ae3b07d8d6527c42f17c876e404993199144b6a",
      "name": "playwright-mcp-0.0.34",
      "pname": "playwright-mcp",
      "rev": "5ae3b07d8d6527c42f17c876e404993199144b6a",
      "rev_count": 901419,
      "rev_date": "2025-11-24T06:39:56Z",
      "scrape_date": "2025-11-26T03:03:38.673349Z",
      "stabilities": [
        "unstable"
      ],
      "unfree": false,
      "version": "0.0.34",
      "outputs_to_install": [
        "out"
      ],
      "outputs": {
        "out": "/nix/store/xl9nahbsik9ll15pss9a8rf203nms4a7-playwright-mcp-0.0.34"
      },
      "system": "aarch64-linux",
      "group": "toplevel",
      "priority": 5
    },
    {
      "attr_path": "playwright-mcp",
      "broken": false,
      "derivation": "/nix/store/gdkp5qwg5510inw0pc2dij5891y5n291-playwright-mcp-0.0.34.drv",
      "description": "Playwright MCP server",
      "install_id": "playwright-mcp",
      "license": "Apache-2.0",
      "locked_url": "https://github.com/flox/nixpkgs?rev=5ae3b07d8d6527c42f17c876e404993199144b6a",
      "name": "playwright-mcp-0.0.34",
      "pname": "playwright-mcp",
      "rev": "5ae3b07d8d6527c42f17c876e404993199144b6a",
      "rev_count": 901419,
      "rev_date": "2025-11-24T06:39:56Z",
      "scrape_date": "2025-11-26T03:13:01.278906Z",
      "stabilities": [
        "unstable"
      ],
      "unfree": false,
      "version": "0.0.34",
      "outputs_to_install": [
        "out"
      ],
      "outputs": {
        "out": "/nix/store/5hcilllwcgp9f9xjdgdf446xbkn1b5qc-playwright-mcp-0.0.34"
      },
      "system": "x86_64-darwin",
      "group": "toplevel",
      "priority": 5
    },
    {
      "attr_path": "playwright-mcp",
      "broken": false,
      "derivation": "/nix/store/66qr98vq2p3gb0c1yd0vr1ppx13lrn0r-playwright-mcp-0.0.34.drv",
      "description": "Playwright MCP server",
      "install_id": "playwright-mcp",
      "license": "Apache-2.0",
      "locked_url": "https://github.com/flox/nixpkgs?rev=5ae3b07d8d6527c42f17c876e404993199144b6a",
      "name": "playwright-mcp-0.0.34",
      "pname": "playwright-mcp",
      "rev": "5ae3b07d8d6527c42f17c876e404993199144b6a",
      "rev_count": 901419,
      "rev_date": "2025-11-24T06:39:56Z",
      "scrape_date": "2025-11-26T03:22:44.054129Z",
      "stabilities": [
        "unstable"
      ],
      "unfree": false,
      "version": "0.0.34",
      "outputs_to_install": [
        "out"
      ],
      "outputs": {
        "out": "/nix/store/mpqh924n4gh7iprhq2r7sb616qqh4if6-playwright-mcp-0.0.34"
      },
      "system": "x86_64-linux",
      "group": "toplevel",
      "priority": 5
    }
  ]
}