{
  "lockfile-version": 1,
  "manifest": {
    "version": 1,
    "install": {
      "just": {
        "pkg-path": "just"
      },
      "nodejs": {
        "pkg-path": "nodejs"
      }
    },
    "hook": {
      "on-activate": "  # Autogenerated by Flox\n\n  # Install nodejs dependencies\n#  npm install\n\n  # End autogenerated by Flox\n"
    },
    "profile": {},
    "options": {
      "systems": [
        "aarch64-darwin",
        "aarch64-linux",
        "x86_64-darwin",
        "x86_64-linux"
      ]
    }
  },
  "packages": [
    {
      "attr_path": "just",
      "broken": false,
      "derivation": "/nix/store/prv2lqd2gcjvqj1jbks958srb6j0pbjf-just-1.40.0.drv",
      "description": "Handy way to save and run project-specific commands",
      "install_id": "just",
      "license": "CC0-1.0",
      "locked_url": "https://github.com/flox/nixpkgs?rev=063f43f2dbdef86376cc29ad646c45c46e93234c",
      "name": "just-1.40.0",
      "pname": "just",
      "rev": "063f43f2dbdef86376cc29ad646c45c46e93234c",
      "rev_count": 804993,
      "rev_date": "2025-05-23T18:48:26Z",
      "scrape_date": "2025-05-26T04:22:16.589702Z",
      "stabilities": [
        "unstable"
      ],
      "unfree": false,
      "version": "1.40.0",
      "outputs_to_install": [
        "man",
        "out"
      ],
      "outputs": {
        "doc": "/nix/store/zikbq4x4hkpzlai3np37fxqkwyhmb0xv-just-1.40.0-doc",
        "man": "/nix/store/qzbrc3j5hsl4rlxgvfxpdvjvrmyc4fvk-just-1.40.0-man",
        "out": "/nix/store/4w4jqx6b693n45qfmwiwn8qd58f08rgf-just-1.40.0"
      },
      "system": "aarch64-darwin",
      "group": "toplevel",
      "priority": 5
    },
    {
      "attr_path": "just",
      "broken": false,
      "derivation": "/nix/store/g4rnk5n713ij02fbrqdh8y8sh595x4vx-just-1.40.0.drv",
      "description": "Handy way to save and run project-specific commands",
      "install_id": "just",
      "license": "CC0-1.0",
      "locked_url": "https://github.com/flox/nixpkgs?rev=063f43f2dbdef86376cc29ad646c45c46e93234c",
      "name": "just-1.40.0",
      "pname": "just",
      "rev": "063f43f2dbdef86376cc29ad646c45c46e93234c",
      "rev_count": 804993,
      "rev_date": "2025-05-23T18:48:26Z",
      "scrape_date": "2025-05-26T04:40:52.533373Z",
      "stabilities": [
        "unstable"
      ],
      "unfree": false,
      "version": "1.40.0",
      "outputs_to_install": [
        "man",
        "out"
      ],
      "outputs": {
        "doc": "/nix/store/aiqclswnz9hcr95rczv3v4v12zf5ng8n-just-1.40.0-doc",
        "man": "/nix/store/g2bnw4b1xzn1wp62sdjyw37v64lr76i7-just-1.40.0-man",
        "out": "/nix/store/cjc0r478ski28nby2rpkprr33q8pf40a-just-1.40.0"
      },
      "system": "aarch64-linux",
      "group": "toplevel",
      "priority": 5
    },
    {
      "attr_path": "just",
      "broken": false,
      "derivation": "/nix/store/bhx05p2i79cka569ycrb9arcmwgf2szw-just-1.40.0.drv",
      "description": "Handy way to save and run project-specific commands",
      "install_id": "just",
      "license": "CC0-1.0",
      "locked_url": "https://github.com/flox/nixpkgs?rev=063f43f2dbdef86376cc29ad646c45c46e93234c",
      "name": "just-1.40.0",
      "pname": "just",
      "rev": "063f43f2dbdef86376cc29ad646c45c46e93234c",
      "rev_count": 804993,
      "rev_date": "2025-05-23T18:48:26Z",
      "scrape_date": "2025-05-26T04:57:25.524431Z",
      "stabilities": [
        "unstable"
      ],
      "unfree": false,
      "version": "1.40.0",
      "outputs_to_install": [
        "man",
        "out"
      ],
      "outputs": {
        "doc": "/nix/store/rnlf9485p2mjrq6bqb8mrv21vwr8qh7f-just-1.40.0-doc",
        "man": "/nix/store/v9p2zkx88sf0dbfsjv69f33lgnl9yfr7-just-1.40.0-man",
        "out": "/nix/store/b90i1hkx0dz77pn6bbyzdx4bj586xbh4-just-1.40.0"
      },
      "system": "x86_64-darwin",
      "group": "toplevel",
      "priority": 5
    },
    {
      "attr_path": "just",
      "broken": false,
      "derivation": "/nix/store/3mw514ss79qy8n1201i93y0qxydv3489-just-1.40.0.drv",
      "description": "Handy way to save and run project-specific commands",
      "install_id": "just",
      "license": "CC0-1.0",
      "locked_url": "https://github.com/flox/nixpkgs?rev=063f43f2dbdef86376cc29ad646c45c46e93234c",
      "name": "just-1.40.0",
      "pname": "just",
      "rev": "063f43f2dbdef86376cc29ad646c45c46e93234c",
      "rev_count": 804993,
      "rev_date": "2025-05-23T18:48:26Z",
      "scrape_date": "2025-05-26T05:16:54.484997Z",
      "stabilities": [
        "unstable"
      ],
      "unfree": false,
      "version": "1.40.0",
      "outputs_to_install": [
        "man",
        "out"
      ],
      "outputs": {
        "doc": "/nix/store/8k1z9vxfn5cl8dza5ip37vja9wicbbxa-just-1.40.0-doc",
        "man": "/nix/store/f1mqpjpganswic6lfaf02smhmphjb7md-just-1.40.0-man",
        "out": "/nix/store/90ddxlc1djbkkjqsdm6ymr3mp1h37y9k-just-1.40.0"
      },
      "system": "x86_64-linux",
      "group": "toplevel",
      "priority": 5
    },
    {
      "attr_path": "nodejs",
      "broken": false,
      "derivation": "/nix/store/dv56b2484ciasdm6pqcsabw8b8kgs696-nodejs-22.14.0.drv",
      "description": "Event-driven I/O framework for the V8 JavaScript engine",
      "install_id": "nodejs",
      "license": "MIT",
      "locked_url": "https://github.com/flox/nixpkgs?rev=063f43f2dbdef86376cc29ad646c45c46e93234c",
      "name": "nodejs-22.14.0",
      "pname": "nodejs",
      "rev": "063f43f2dbdef86376cc29ad646c45c46e93234c",
      "rev_count": 804993,
      "rev_date": "2025-05-23T18:48:26Z",
      "scrape_date": "2025-05-26T04:22:18.547216Z",
      "stabilities": [
        "unstable"
      ],
      "unfree": false,
      "version": "22.14.0",
      "outputs_to_install": [
        "out"
      ],
      "outputs": {
        "dev": "/nix/store/96vpirdcns8zxdwzwl7n804012lwrf1n-nodejs-22.14.0-dev",
        "libv8": "/nix/store/xph2837xqjnra80mqlk64xp7vb3kkqxs-nodejs-22.14.0-libv8",
        "out": "/nix/store/g5bv4gi6p7ryhs2hbaryxs6ivsxa6lqc-nodejs-22.14.0"
      },
      "system": "aarch64-darwin",
      "group": "toplevel",
      "priority": 5
    },
    {
      "attr_path": "nodejs",
      "broken": false,
      "derivation": "/nix/store/854x3w5p03fzvyfjxnfl4isb7jb0c4hc-nodejs-22.14.0.drv",
      "description": "Event-driven I/O framework for the V8 JavaScript engine",
      "install_id": "nodejs",
      "license": "MIT",
      "locked_url": "https://github.com/flox/nixpkgs?rev=063f43f2dbdef86376cc29ad646c45c46e93234c",
      "name": "nodejs-22.14.0",
      "pname": "nodejs",
      "rev": "063f43f2dbdef86376cc29ad646c45c46e93234c",
      "rev_count": 804993,
      "rev_date": "2025-05-23T18:48:26Z",
      "scrape_date": "2025-05-26T04:41:00.968474Z",
      "stabilities": [
        "unstable"
      ],
      "unfree": false,
      "version": "22.14.0",
      "outputs_to_install": [
        "out"
      ],
      "outputs": {
        "dev": "/nix/store/0w5mql46am2qai707a42q983l44l1h9z-nodejs-22.14.0-dev",
        "libv8": "/nix/store/vy56lahz381ayvw3hym3wj4r4ggv7gbk-nodejs-22.14.0-libv8",
        "out": "/nix/store/cwb781xbp70f72njqh8vhvbsf1xq87i5-nodejs-22.14.0"
      },
      "system": "aarch64-linux",
      "group": "toplevel",
      "priority": 5
    },
    {
      "attr_path": "nodejs",
      "broken": false,
      "derivation": "/nix/store/5fg6q2k7q1632y9xn9c09f5xdcfgkn14-nodejs-22.14.0.drv",
      "description": "Event-driven I/O framework for the V8 JavaScript engine",
      "install_id": "nodejs",
      "license": "MIT",
      "locked_url": "https://github.com/flox/nixpkgs?rev=063f43f2dbdef86376cc29ad646c45c46e93234c",
      "name": "nodejs-22.14.0",
      "pname": "nodejs",
      "rev": "063f43f2dbdef86376cc29ad646c45c46e93234c",
      "rev_count": 804993,
      "rev_date": "2025-05-23T18:48:26Z",
      "scrape_date": "2025-05-26T04:57:27.550633Z",
      "stabilities": [
        "unstable"
      ],
      "unfree": false,
      "version": "22.14.0",
      "outputs_to_install": [
        "out"
      ],
      "outputs": {
        "dev": "/nix/store/24n01nfvy908pwzwpgsl0k4227187i7i-nodejs-22.14.0-dev",
        "libv8": "/nix/store/jiwk0in1wk85crn9vp03gg937gbh1s0w-nodejs-22.14.0-libv8",
        "out": "/nix/store/086zjv14ipka2vbpgwil3xyvi5ml4vh3-nodejs-22.14.0"
      },
      "system": "x86_64-darwin",
      "group": "toplevel",
      "priority": 5
    },
    {
      "attr_path": "nodejs",
      "broken": false,
      "derivation": "/nix/store/s7njrwlm4w6855mkjamliyjsp0d37vz1-nodejs-22.14.0.drv",
      "description": "Event-driven I/O framework for the V8 JavaScript engine",
      "install_id": "nodejs",
      "license": "MIT",
      "locked_url": "https://github.com/flox/nixpkgs?rev=063f43f2dbdef86376cc29ad646c45c46e93234c",
      "name": "nodejs-22.14.0",
      "pname": "nodejs",
      "rev": "063f43f2dbdef86376cc29ad646c45c46e93234c",
      "rev_count": 804993,
      "rev_date": "2025-05-23T18:48:26Z",
      "scrape_date": "2025-05-26T05:17:04.323013Z",
      "stabilities": [
        "unstable"
      ],
      "unfree": false,
      "version": "22.14.0",
      "outputs_to_install": [
        "out"
      ],
      "outputs": {
        "dev": "/nix/store/xw8c1c0inxq3xl1d7axz19vq8c05kjk5-nodejs-22.14.0-dev",
        "libv8": "/nix/store/s8gnrgh9hgnbkrc1wrn21d6zvkbvm9vi-nodejs-22.14.0-libv8",
        "out": "/nix/store/c8jxsih8yy2rnncdmx2hyraizf689nvp-nodejs-22.14.0"
      },
      "system": "x86_64-linux",
      "group": "toplevel",
      "priority": 5
    }
  ]
}