{
  "lockfile-version": 1,
  "manifest": {
    "version": 1,
    "install": {
      "just": {
        "pkg-path": "just"
      },
      "nodejs": {
        "pkg-path": "nodejs"
      },
      "openssl": {
        "pkg-path": "openssl"
      }
    },
    "hook": {
      "on-activate": "  # Autogenerated by Flox\n\n  # Install nodejs dependencies\n#  npm install\n\n  # End autogenerated by Flox\n"
    },
    "profile": {},
    "options": {
      "systems": [
        "aarch64-darwin",
        "aarch64-linux",
        "x86_64-darwin",
        "x86_64-linux"
      ]
    }
  },
  "packages": [
    {
      "attr_path": "just",
      "broken": false,
      "derivation": "/nix/store/82i3lr5c3mqlg33ryzn5wawfd0f8vdn9-just-1.40.0.drv",
      "description": "Handy way to save and run project-specific commands",
      "install_id": "just",
      "license": "CC0-1.0",
      "locked_url": "https://github.com/flox/nixpkgs?rev=96ec055edbe5ee227f28cdbc3f1ddf1df5965102",
      "name": "just-1.40.0",
      "pname": "just",
      "rev": "96ec055edbe5ee227f28cdbc3f1ddf1df5965102",
      "rev_count": 807377,
      "rev_date": "2025-05-28T19:24:49Z",
      "scrape_date": "2025-05-31T04:22:55.744981Z",
      "stabilities": [
        "unstable"
      ],
      "unfree": false,
      "version": "1.40.0",
      "outputs_to_install": [
        "man",
        "out"
      ],
      "outputs": {
        "doc": "/nix/store/rjc9wn7506xzg21y176cx0cpisx1v7jw-just-1.40.0-doc",
        "man": "/nix/store/xx75550s34xc75lhk7xqkma498h0c9fn-just-1.40.0-man",
        "out": "/nix/store/3zr8nrrs7vjpm15bi59wranjyhbdljsh-just-1.40.0"
      },
      "system": "aarch64-darwin",
      "group": "toplevel",
      "priority": 5
    },
    {
      "attr_path": "just",
      "broken": false,
      "derivation": "/nix/store/4558j1408zfi01k0n93hm3gjm2zmy78d-just-1.40.0.drv",
      "description": "Handy way to save and run project-specific commands",
      "install_id": "just",
      "license": "CC0-1.0",
      "locked_url": "https://github.com/flox/nixpkgs?rev=96ec055edbe5ee227f28cdbc3f1ddf1df5965102",
      "name": "just-1.40.0",
      "pname": "just",
      "rev": "96ec055edbe5ee227f28cdbc3f1ddf1df5965102",
      "rev_count": 807377,
      "rev_date": "2025-05-28T19:24:49Z",
      "scrape_date": "2025-05-31T04:41:04.159408Z",
      "stabilities": [
        "unstable"
      ],
      "unfree": false,
      "version": "1.40.0",
      "outputs_to_install": [
        "man",
        "out"
      ],
      "outputs": {
        "doc": "/nix/store/vinimf45hxfqykyjz2m54ylw4fpd79wg-just-1.40.0-doc",
        "man": "/nix/store/ssclxvqvl4cmp0fzpznpccj7awsz7pqf-just-1.40.0-man",
        "out": "/nix/store/pb4nx8x2nah5djb40dlhh3q8d9f9f52l-just-1.40.0"
      },
      "system": "aarch64-linux",
      "group": "toplevel",
      "priority": 5
    },
    {
      "attr_path": "just",
      "broken": false,
      "derivation": "/nix/store/jmg41q3af3l5lipax79czrrxjh5xv9li-just-1.40.0.drv",
      "description": "Handy way to save and run project-specific commands",
      "install_id": "just",
      "license": "CC0-1.0",
      "locked_url": "https://github.com/flox/nixpkgs?rev=96ec055edbe5ee227f28cdbc3f1ddf1df5965102",
      "name": "just-1.40.0",
      "pname": "just",
      "rev": "96ec055edbe5ee227f28cdbc3f1ddf1df5965102",
      "rev_count": 807377,
      "rev_date": "2025-05-28T19:24:49Z",
      "scrape_date": "2025-05-31T04:57:00.211524Z",
      "stabilities": [
        "unstable"
      ],
      "unfree": false,
      "version": "1.40.0",
      "outputs_to_install": [
        "man",
        "out"
      ],
      "outputs": {
        "doc": "/nix/store/jw2gqm7r2j4apylww284vrnvp0aswr83-just-1.40.0-doc",
        "man": "/nix/store/s8qsrpz57zzy582arggg9kzhxc7wzj42-just-1.40.0-man",
        "out": "/nix/store/2vgr2kh5laq7ly21ahyrmbz4q6gdfd7v-just-1.40.0"
      },
      "system": "x86_64-darwin",
      "group": "toplevel",
      "priority": 5
    },
    {
      "attr_path": "just",
      "broken": false,
      "derivation": "/nix/store/lfqbw93h3s3h3cij3n6cf5dcvjl7n1i4-just-1.40.0.drv",
      "description": "Handy way to save and run project-specific commands",
      "install_id": "just",
      "license": "CC0-1.0",
      "locked_url": "https://github.com/flox/nixpkgs?rev=96ec055edbe5ee227f28cdbc3f1ddf1df5965102",
      "name": "just-1.40.0",
      "pname": "just",
      "rev": "96ec055edbe5ee227f28cdbc3f1ddf1df5965102",
      "rev_count": 807377,
      "rev_date": "2025-05-28T19:24:49Z",
      "scrape_date": "2025-05-31T05:15:58.808894Z",
      "stabilities": [
        "unstable"
      ],
      "unfree": false,
      "version": "1.40.0",
      "outputs_to_install": [
        "man",
        "out"
      ],
      "outputs": {
        "doc": "/nix/store/s70b7w7ndh8fn550xdz0b7hvrxh9zbdm-just-1.40.0-doc",
        "man": "/nix/store/9j1sxj8p91q99nl7f5hdlb0kfv7kww0a-just-1.40.0-man",
        "out": "/nix/store/h0agljrxjv0xrxj6y71fsp8sx751vrd6-just-1.40.0"
      },
      "system": "x86_64-linux",
      "group": "toplevel",
      "priority": 5
    },
    {
      "attr_path": "nodejs",
      "broken": false,
      "derivation": "/nix/store/dv56b2484ciasdm6pqcsabw8b8kgs696-nodejs-22.14.0.drv",
      "description": "Event-driven I/O framework for the V8 JavaScript engine",
      "install_id": "nodejs",
      "license": "MIT",
      "locked_url": "https://github.com/flox/nixpkgs?rev=96ec055edbe5ee227f28cdbc3f1ddf1df5965102",
      "name": "nodejs-22.14.0",
      "pname": "nodejs",
      "rev": "96ec055edbe5ee227f28cdbc3f1ddf1df5965102",
      "rev_count": 807377,
      "rev_date": "2025-05-28T19:24:49Z",
      "scrape_date": "2025-05-31T04:22:57.749552Z",
      "stabilities": [
        "unstable"
      ],
      "unfree": false,
      "version": "22.14.0",
      "outputs_to_install": [
        "out"
      ],
      "outputs": {
        "dev": "/nix/store/96vpirdcns8zxdwzwl7n804012lwrf1n-nodejs-22.14.0-dev",
        "libv8": "/nix/store/xph2837xqjnra80mqlk64xp7vb3kkqxs-nodejs-22.14.0-libv8",
        "out": "/nix/store/g5bv4gi6p7ryhs2hbaryxs6ivsxa6lqc-nodejs-22.14.0"
      },
      "system": "aarch64-darwin",
      "group": "toplevel",
      "priority": 5
    },
    {
      "attr_path": "nodejs",
      "broken": false,
      "derivation": "/nix/store/854x3w5p03fzvyfjxnfl4isb7jb0c4hc-nodejs-22.14.0.drv",
      "description": "Event-driven I/O framework for the V8 JavaScript engine",
      "install_id": "nodejs",
      "license": "MIT",
      "locked_url": "https://github.com/flox/nixpkgs?rev=96ec055edbe5ee227f28cdbc3f1ddf1df5965102",
      "name": "nodejs-22.14.0",
      "pname": "nodejs",
      "rev": "96ec055edbe5ee227f28cdbc3f1ddf1df5965102",
      "rev_count": 807377,
      "rev_date": "2025-05-28T19:24:49Z",
      "scrape_date": "2025-05-31T04:41:12.678085Z",
      "stabilities": [
        "unstable"
      ],
      "unfree": false,
      "version": "22.14.0",
      "outputs_to_install": [
        "out"
      ],
      "outputs": {
        "dev": "/nix/store/0w5mql46am2qai707a42q983l44l1h9z-nodejs-22.14.0-dev",
        "libv8": "/nix/store/vy56lahz381ayvw3hym3wj4r4ggv7gbk-nodejs-22.14.0-libv8",
        "out": "/nix/store/cwb781xbp70f72njqh8vhvbsf1xq87i5-nodejs-22.14.0"
      },
      "system": "aarch64-linux",
      "group": "toplevel",
      "priority": 5
    },
    {
      "attr_path": "nodejs",
      "broken": false,
      "derivation": "/nix/store/5fg6q2k7q1632y9xn9c09f5xdcfgkn14-nodejs-22.14.0.drv",
      "description": "Event-driven I/O framework for the V8 JavaScript engine",
      "install_id": "nodejs",
      "license": "MIT",
      "locked_url": "https://github.com/flox/nixpkgs?rev=96ec055edbe5ee227f28cdbc3f1ddf1df5965102",
      "name": "nodejs-22.14.0",
      "pname": "nodejs",
      "rev": "96ec055edbe5ee227f28cdbc3f1ddf1df5965102",
      "rev_count": 807377,
      "rev_date": "2025-05-28T19:24:49Z",
      "scrape_date": "2025-05-31T04:57:02.318752Z",
      "stabilities": [
        "unstable"
      ],
      "unfree": false,
      "version": "22.14.0",
      "outputs_to_install": [
        "out"
      ],
      "outputs": {
        "dev": "/nix/store/24n01nfvy908pwzwpgsl0k4227187i7i-nodejs-22.14.0-dev",
        "libv8": "/nix/store/jiwk0in1wk85crn9vp03gg937gbh1s0w-nodejs-22.14.0-libv8",
        "out": "/nix/store/086zjv14ipka2vbpgwil3xyvi5ml4vh3-nodejs-22.14.0"
      },
      "system": "x86_64-darwin",
      "group": "toplevel",
      "priority": 5
    },
    {
      "attr_path": "nodejs",
      "broken": false,
      "derivation": "/nix/store/s7njrwlm4w6855mkjamliyjsp0d37vz1-nodejs-22.14.0.drv",
      "description": "Event-driven I/O framework for the V8 JavaScript engine",
      "install_id": "nodejs",
      "license": "MIT",
      "locked_url": "https://github.com/flox/nixpkgs?rev=96ec055edbe5ee227f28cdbc3f1ddf1df5965102",
      "name": "nodejs-22.14.0",
      "pname": "nodejs",
      "rev": "96ec055edbe5ee227f28cdbc3f1ddf1df5965102",
      "rev_count": 807377,
      "rev_date": "2025-05-28T19:24:49Z",
      "scrape_date": "2025-05-31T05:16:08.935959Z",
      "stabilities": [
        "unstable"
      ],
      "unfree": false,
      "version": "22.14.0",
      "outputs_to_install": [
        "out"
      ],
      "outputs": {
        "dev": "/nix/store/xw8c1c0inxq3xl1d7axz19vq8c05kjk5-nodejs-22.14.0-dev",
        "libv8": "/nix/store/s8gnrgh9hgnbkrc1wrn21d6zvkbvm9vi-nodejs-22.14.0-libv8",
        "out": "/nix/store/c8jxsih8yy2rnncdmx2hyraizf689nvp-nodejs-22.14.0"
      },
      "system": "x86_64-linux",
      "group": "toplevel",
      "priority": 5
    },
    {
      "attr_path": "openssl",
      "broken": false,
      "derivation": "/nix/store/4cfr6k8d6a4njryd7y0xjl91wswxw6zh-openssl-3.4.1.drv",
      "description": "Cryptographic library that implements the SSL and TLS protocols",
      "install_id": "openssl",
      "license": "Apache-2.0",
      "locked_url": "https://github.com/flox/nixpkgs?rev=96ec055edbe5ee227f28cdbc3f1ddf1df5965102",
      "name": "openssl-3.4.1",
      "pname": "openssl",
      "rev": "96ec055edbe5ee227f28cdbc3f1ddf1df5965102",
      "rev_count": 807377,
      "rev_date": "2025-05-28T19:24:49Z",
      "scrape_date": "2025-05-31T04:22:58.556494Z",
      "stabilities": [
        "unstable"
      ],
      "unfree": false,
      "version": "3.4.1",
      "outputs_to_install": [
        "bin",
        "man"
      ],
      "outputs": {
        "bin": "/nix/store/bx0b6gvphv01s2px3j1h1ajy036h8bgb-openssl-3.4.1-bin",
        "dev": "/nix/store/kbs1gz7p2j7qd1lixqzkladkjdxs8nj7-openssl-3.4.1-dev",
        "doc": "/nix/store/sjmrjajggy3648nkn0ipz8axhj34qqn5-openssl-3.4.1-doc",
        "man": "/nix/store/pwwqlk8zacsz87xz0gbic7zvhvjid232-openssl-3.4.1-man",
        "out": "/nix/store/z2js30ib9b11hhcy1zy6x4nzdg75bpxf-openssl-3.4.1"
      },
      "system": "aarch64-darwin",
      "group": "toplevel",
      "priority": 5
    },
    {
      "attr_path": "openssl",
      "broken": false,
      "derivation": "/nix/store/a7bp9sy7hyjm64bqshmw6fz66ah9580z-openssl-3.4.1.drv",
      "description": "Cryptographic library that implements the SSL and TLS protocols",
      "install_id": "openssl",
      "license": "Apache-2.0",
      "locked_url": "https://github.com/flox/nixpkgs?rev=96ec055edbe5ee227f28cdbc3f1ddf1df5965102",
      "name": "openssl-3.4.1",
      "pname": "openssl",
      "rev": "96ec055edbe5ee227f28cdbc3f1ddf1df5965102",
      "rev_count": 807377,
      "rev_date": "2025-05-28T19:24:49Z",
      "scrape_date": "2025-05-31T04:41:14.399091Z",
      "stabilities": [
        "unstable"
      ],
      "unfree": false,
      "version": "3.4.1",
      "outputs_to_install": [
        "bin",
        "man"
      ],
      "outputs": {
        "bin": "/nix/store/x89xyla4b5vdl5i7a417vbnrbhnyv2a9-openssl-3.4.1-bin",
        "debug": "/nix/store/m9cm6npjkgc7yl008nlfdbqz1gnw1n3n-openssl-3.4.1-debug",
        "dev": "/nix/store/snmsdv923yl1biv1lfg1as31smff1j7s-openssl-3.4.1-dev",
        "doc": "/nix/store/ybjya4sv3m3cjm5s3v1gp527lcbavsc5-openssl-3.4.1-doc",
        "man": "/nix/store/qqrcl2hqav9wrqj887zvsf4ywck4d4pq-openssl-3.4.1-man",
        "out": "/nix/store/ffdmy5fhjr6m1gkb8mycyf3swakvygd1-openssl-3.4.1"
      },
      "system": "aarch64-linux",
      "group": "toplevel",
      "priority": 5
    },
    {
      "attr_path": "openssl",
      "broken": false,
      "derivation": "/nix/store/d42msvraw944hvpy73ayka75f0bxlcm3-openssl-3.4.1.drv",
      "description": "Cryptographic library that implements the SSL and TLS protocols",
      "install_id": "openssl",
      "license": "Apache-2.0",
      "locked_url": "https://github.com/flox/nixpkgs?rev=96ec055edbe5ee227f28cdbc3f1ddf1df5965102",
      "name": "openssl-3.4.1",
      "pname": "openssl",
      "rev": "96ec055edbe5ee227f28cdbc3f1ddf1df5965102",
      "rev_count": 807377,
      "rev_date": "2025-05-28T19:24:49Z",
      "scrape_date": "2025-05-31T04:57:03.151617Z",
      "stabilities": [
        "unstable"
      ],
      "unfree": false,
      "version": "3.4.1",
      "outputs_to_install": [
        "bin",
        "man"
      ],
      "outputs": {
        "bin": "/nix/store/liqdyh2xc61v6g9lhhydijsd79p0ghgq-openssl-3.4.1-bin",
        "dev": "/nix/store/58m9pn9yksg7xjl6kl7qmmp2dwj9gjg2-openssl-3.4.1-dev",
        "doc": "/nix/store/iskcy65i66j6x2b8q1y40x0qlmppnk48-openssl-3.4.1-doc",
        "man": "/nix/store/6vyh0kmpyyaliqrxa01iw56x50c8jrf3-openssl-3.4.1-man",
        "out": "/nix/store/gf7l76id9931pnshsvvv8izg00hbgaxw-openssl-3.4.1"
      },
      "system": "x86_64-darwin",
      "group": "toplevel",
      "priority": 5
    },
    {
      "attr_path": "openssl",
      "broken": false,
      "derivation": "/nix/store/rw3y8k94ib37dc86n0wivr551wyzxgsk-openssl-3.4.1.drv",
      "description": "Cryptographic library that implements the SSL and TLS protocols",
      "install_id": "openssl",
      "license": "Apache-2.0",
      "locked_url": "https://github.com/flox/nixpkgs?rev=96ec055edbe5ee227f28cdbc3f1ddf1df5965102",
      "name": "openssl-3.4.1",
      "pname": "openssl",
      "rev": "96ec055edbe5ee227f28cdbc3f1ddf1df5965102",
      "rev_count": 807377,
      "rev_date": "2025-05-28T19:24:49Z",
      "scrape_date": "2025-05-31T05:16:10.859061Z",
      "stabilities": [
        "unstable"
      ],
      "unfree": false,
      "version": "3.4.1",
      "outputs_to_install": [
        "bin",
        "man"
      ],
      "outputs": {
        "bin": "/nix/store/rjzx8v679rwd6dsb6s08iy3j2rrax72s-openssl-3.4.1-bin",
        "debug": "/nix/store/yk2g2gfcj2fy1ffyi1g91q7jmp4h8pxa-openssl-3.4.1-debug",
        "dev": "/nix/store/kcgqglb4iax0zh5jlrxmjdik93wlgsrq-openssl-3.4.1-dev",
        "doc": "/nix/store/9fz5qmj0z70cbzy7mapml0sbi8z6ap0a-openssl-3.4.1-doc",
        "man": "/nix/store/1l5b31cnswnbcdcac9rzs9xixnc2n9r5-openssl-3.4.1-man",
        "out": "/nix/store/8pviily4fgsl02ijm65binz236717wfs-openssl-3.4.1"
      },
      "system": "x86_64-linux",
      "group": "toplevel",
      "priority": 5
    }
  ]
}